
Microsoft Visual Studio Solution File, Format Version 11.00
# Visual Studio 2010
Project("{FAE04EC0-301F-11D3-BF4B-00C04F79EFBC}") = "1B1C web", "Assembly-CSharp.csproj", "{8FEAC3E8-748B-E644-C45B-537088273022}"
EndProject
Global
	GlobalSection(SolutionConfigurationPlatforms) = preSolution
		Debug|Any CPU = Debug|Any CPU
		Release|Any CPU = Release|Any CPU
	EndGlobalSection
	GlobalSection(ProjectConfigurationPlatforms) = postSolution
		{8FEAC3E8-748B-E644-C45B-537088273022}.Debug|Any CPU.ActiveCfg = Debug|Any CPU
		{8FEAC3E8-748B-E644-C45B-537088273022}.Debug|Any CPU.Build.0 = Debug|Any CPU
		{8FEAC3E8-748B-E644-C45B-537088273022}.Release|Any CPU.ActiveCfg = Release|Any CPU
		{8FEAC3E8-748B-E644-C45B-537088273022}.Release|Any CPU.Build.0 = Release|Any CPU
	EndGlobalSection
	GlobalSection(SolutionProperties) = preSolution
		HideSolutionNode = FALSE
	EndGlobalSection
	GlobalSection(MonoDevelopProperties) = preSolution
		StartupItem = Assembly-CSharp.csproj
	EndGlobalSection
EndGlobal
